
Microsoft Visual Studio Solution File, Format Version 12.00
# Visual Studio Version 16
VisualStudioVersion = 16.0.32002.261
MinimumVisualStudioVersion = 10.0.40219.1
Project("{FAE04EC0-301F-11D3-BF4B-00C04F79EFBC}") = "SchoolManagementSystem", "SchoolManagementSystem.csproj", "{2CC3125A-F721-47C7-8071-E999CAB658C9}"
EndProject
Project("{FAE04EC0-301F-11D3-BF4B-00C04F79EFBC}") = "SchoolManagementModules", "SchoolManagementModules\SchoolManagementModules.csproj", "{BC8E2DB0-0F66-46D3-AE4E-57547EBE0DCB}"
EndProject
Global
	GlobalSection(SolutionConfigurationPlatforms) = preSolution
		Debug|Any CPU = Debug|Any CPU
		Release|Any CPU = Release|Any CPU
	EndGlobalSection
	GlobalSection(ProjectConfigurationPlatforms) = postSolution
		{2CC3125A-F721-47C7-8071-E999CAB658C9}.Debug|Any CPU.ActiveCfg = Debug|Any CPU
		{2CC3125A-F721-47C7-8071-E999CAB658C9}.Debug|Any CPU.Build.0 = Debug|Any CPU
		{2CC3125A-F721-47C7-8071-E999CAB658C9}.Release|Any CPU.ActiveCfg = Release|Any CPU
		{2CC3125A-F721-47C7-8071-E999CAB658C9}.Release|Any CPU.Build.0 = Release|Any CPU
		{BC8E2DB0-0F66-46D3-AE4E-57547EBE0DCB}.Debug|Any CPU.ActiveCfg = Debug|Any CPU
		{BC8E2DB0-0F66-46D3-AE4E-57547EBE0DCB}.Debug|Any CPU.Build.0 = Debug|Any CPU
		{BC8E2DB0-0F66-46D3-AE4E-57547EBE0DCB}.Release|Any CPU.ActiveCfg = Release|Any CPU
		{BC8E2DB0-0F66-46D3-AE4E-57547EBE0DCB}.Release|Any CPU.Build.0 = Release|Any CPU
	EndGlobalSection
	GlobalSection(SolutionProperties) = preSolution
		HideSolutionNode = FALSE
	EndGlobalSection
	GlobalSection(ExtensibilityGlobals) = postSolution
		SolutionGuid = {2F12A13C-3CB4-4BBF-B8E6-C9573B267012}
	EndGlobalSection
EndGlobal
